
Microsoft Visual Studio Solution File, Format Version 12.00
# Visual Studio Version 16
VisualStudioVersion = 16.0.28803.156
MinimumVisualStudioVersion = 10.0.40219.1
Project("{FAE04EC0-301F-11D3-BF4B-00C04F79EFBC}") = "notepad", "notepad\notepad.csproj", "{01356105-7DE5-40C9-9CFE-0E6EC6243929}"
EndProject
Global
	GlobalSection(SolutionConfigurationPlatforms) = preSolution
		Debug|Any CPU = Debug|Any CPU
		Release|Any CPU = Release|Any CPU
	EndGlobalSection
	GlobalSection(ProjectConfigurationPlatforms) = postSolution
		{01356105-7DE5-40C9-9CFE-0E6EC6243929}.Debug|Any CPU.ActiveCfg = Debug|Any CPU
		{01356105-7DE5-40C9-9CFE-0E6EC6243929}.Debug|Any CPU.Build.0 = Debug|Any CPU
		{01356105-7DE5-40C9-9CFE-0E6EC6243929}.Release|Any CPU.ActiveCfg = Release|Any CPU
		{01356105-7DE5-40C9-9CFE-0E6EC6243929}.Release|Any CPU.Build.0 = Release|Any CPU
	EndGlobalSection
	GlobalSection(SolutionProperties) = preSolution
		HideSolutionNode = FALSE
	EndGlobalSection
	GlobalSection(ExtensibilityGlobals) = postSolution
		SolutionGuid = {1E43C62A-17CD-4296-A0E1-52FB97B79786}
	EndGlobalSection
EndGlobal
